# This file is automatically @generated by Cargo.
# It is not intended for manual editing.
[[package]]
name = "a"
version = "0.1.0"
dependencies = [
 "fuzzcheck_mutators",
]

[[package]]
name = "base64"
version = "0.13.0"
source = "registry+https://github.com/rust-lang/crates.io-index"
checksum = "904dfeac50f3cdaba28fc6f57fdcddb75f49ed61346676a78c4ffe55877802fd"

[[package]]
name = "bitflags"
version = "1.2.1"
source = "registry+https://github.com/rust-lang/crates.io-index"
checksum = "cf1de2fe8c75bc145a2f577add951f8134889b4795d47466a54a5c846d691693"

[[package]]
name = "cargo-fuzzcheck"
version = "0.4.0"
dependencies = [
 "decent-serde-json-alternative",
 "decent-toml-rs-alternative",
 "fuzzcheck_common",
 "getopts",
 "json",
 "libc",
 "termion",
 "tui",
 "unicode-width",
]

[[package]]
name = "cassowary"
version = "0.3.0"
source = "registry+https://github.com/rust-lang/crates.io-index"
checksum = "df8670b8c7b9dae1793364eafadf7239c40d669904660c5960d74cfd80b46a53"

[[package]]
name = "cfg-if"
version = "0.1.10"
source = "registry+https://github.com/rust-lang/crates.io-index"
checksum = "4785bdd1c96b2a846b2bd7cc02e86b6b3dbf14e7e53446c4f54c92a361040822"

[[package]]
name = "cfg-if"
version = "1.0.0"
source = "registry+https://github.com/rust-lang/crates.io-index"
checksum = "baf1de4339761588bc0619e3cbc0120ee582ebb74b53b4efbf79117bd2da40fd"

[[package]]
name = "decent-serde-json-alternative"
version = "0.1.0"
dependencies = [
 "decent-serde-json-derive-alternative",
 "json",
]

[[package]]
name = "decent-serde-json-derive-alternative"
version = "0.1.0"
dependencies = [
 "decent-synquote-alternative",
 "proc-macro2",
]

[[package]]
name = "decent-serde-toml-derive-alternative"
version = "0.1.0"
source = "registry+https://github.com/rust-lang/crates.io-index"
checksum = "6c1b48f4e5319ef672116ffc5e8d784f654a7b1e2c96a0aae884dd3802ad6ed2"
dependencies = [
 "decent-synquote-alternative",
 "proc-macro2",
]

[[package]]
name = "decent-synquote-alternative"
version = "0.1.0"
source = "registry+https://github.com/rust-lang/crates.io-index"
checksum = "c5298c2b893fb4094476d9e1ab509b2dd753e96a5f0932e01d8c0a1bc01abc82"
dependencies = [
 "proc-macro2",
]

[[package]]
name = "decent-toml-rs-alternative"
version = "0.1.0"
dependencies = [
 "decent-serde-toml-derive-alternative",
]

[[package]]
name = "fastrand"
version = "1.4.0"
source = "registry+https://github.com/rust-lang/crates.io-index"
checksum = "ca5faf057445ce5c9d4329e382b2ce7ca38550ef3b73a5348362d5f24e0c7fe3"
dependencies = [
 "instant",
]

[[package]]
name = "fuzzcheck"
version = "0.4.0"
dependencies = [
 "base64",
 "bitflags",
 "cfg-if 0.1.10",
 "decent-serde-json-alternative",
 "fastrand",
 "fuzzcheck_common",
 "fuzzcheck_traits",
 "getopts",
 "json",
 "libc",
]

[[package]]
name = "fuzzcheck_common"
version = "0.4.0"
dependencies = [
 "decent-serde-json-alternative",
 "getopts",
 "json",
]

[[package]]
name = "fuzzcheck_mutators"
version = "0.4.1"
dependencies = [
 "fastrand",
 "fuzzcheck_mutators_derive",
 "fuzzcheck_traits",
]

[[package]]
name = "fuzzcheck_mutators_derive"
version = "0.4.0"
dependencies = [
 "decent-synquote-alternative",
 "proc-macro2",
]

[[package]]
name = "fuzzcheck_serializer"
version = "0.4.0"
dependencies = [
 "decent-serde-json-alternative",
 "decent-serde-json-derive-alternative",
 "fuzzcheck_traits",
 "json",
 "serde",
 "serde_json",
]

[[package]]
name = "fuzzcheck_traits"
version = "0.4.0"

[[package]]
name = "getopts"
version = "0.2.21"
source = "registry+https://github.com/rust-lang/crates.io-index"
checksum = "14dbbfd5c71d70241ecf9e6f13737f7b5ce823821063188d7e46c41d371eebd5"
dependencies = [
 "unicode-width",
]

[[package]]
name = "instant"
version = "0.1.9"
source = "registry+https://github.com/rust-lang/crates.io-index"
checksum = "61124eeebbd69b8190558df225adf7e4caafce0d743919e5d6b19652314ec5ec"
dependencies = [
 "cfg-if 1.0.0",
]

[[package]]
name = "itoa"
version = "0.4.6"
source = "registry+https://github.com/rust-lang/crates.io-index"
checksum = "dc6f3ad7b9d11a0c00842ff8de1b60ee58661048eb8049ed33c73594f359d7e6"

[[package]]
name = "json"
version = "0.12.4"
source = "registry+https://github.com/rust-lang/crates.io-index"
checksum = "078e285eafdfb6c4b434e0d31e8cfcb5115b651496faca5749b88fafd4f23bfd"

[[package]]
name = "libc"
version = "0.2.81"
source = "registry+https://github.com/rust-lang/crates.io-index"
checksum = "1482821306169ec4d07f6aca392a4681f66c75c9918aa49641a2595db64053cb"

[[package]]
name = "numtoa"
version = "0.1.0"
source = "registry+https://github.com/rust-lang/crates.io-index"
checksum = "b8f8bdf33df195859076e54ab11ee78a1b208382d3a26ec40d142ffc1ecc49ef"

[[package]]
name = "proc-macro2"
version = "1.0.24"
source = "registry+https://github.com/rust-lang/crates.io-index"
checksum = "1e0704ee1a7e00d7bb417d0770ea303c1bccbabf0ef1667dae92b5967f5f8a71"
dependencies = [
 "unicode-xid",
]

[[package]]
name = "redox_syscall"
version = "0.1.57"
source = "registry+https://github.com/rust-lang/crates.io-index"
checksum = "41cc0f7e4d5d4544e8861606a285bb08d3e70712ccc7d2b84d7c0ccfaf4b05ce"

[[package]]
name = "redox_termios"
version = "0.1.1"
source = "registry+https://github.com/rust-lang/crates.io-index"
checksum = "7e891cfe48e9100a70a3b6eb652fef28920c117d366339687bd5576160db0f76"
dependencies = [
 "redox_syscall",
]

[[package]]
name = "ryu"
version = "1.0.5"
source = "registry+https://github.com/rust-lang/crates.io-index"
checksum = "71d301d4193d031abdd79ff7e3dd721168a9572ef3fe51a1517aba235bd8f86e"

[[package]]
name = "serde"
version = "1.0.118"
source = "registry+https://github.com/rust-lang/crates.io-index"
checksum = "06c64263859d87aa2eb554587e2d23183398d617427327cf2b3d0ed8c69e4800"

[[package]]
name = "serde_json"
version = "1.0.60"
source = "registry+https://github.com/rust-lang/crates.io-index"
checksum = "1500e84d27fe482ed1dc791a56eddc2f230046a040fa908c08bda1d9fb615779"
dependencies = [
 "itoa",
 "ryu",
 "serde",
]

[[package]]
name = "termion"
version = "1.5.5"
source = "registry+https://github.com/rust-lang/crates.io-index"
checksum = "c22cec9d8978d906be5ac94bceb5a010d885c626c4c8855721a4dbd20e3ac905"
dependencies = [
 "libc",
 "numtoa",
 "redox_syscall",
 "redox_termios",
]

[[package]]
name = "tui"
version = "0.14.0"
source = "registry+https://github.com/rust-lang/crates.io-index"
checksum = "9ced152a8e9295a5b168adc254074525c17ac4a83c90b2716274cc38118bddc9"
dependencies = [
 "bitflags",
 "cassowary",
 "termion",
 "unicode-segmentation",
 "unicode-width",
]

[[package]]
name = "unicode-segmentation"
version = "1.7.1"
source = "registry+https://github.com/rust-lang/crates.io-index"
checksum = "bb0d2e7be6ae3a5fa87eed5fb451aff96f2573d2694942e40543ae0bbe19c796"

[[package]]
name = "unicode-width"
version = "0.1.8"
source = "registry+https://github.com/rust-lang/crates.io-index"
checksum = "9337591893a19b88d8d87f2cec1e73fad5cdfd10e5a6f349f498ad6ea2ffb1e3"

[[package]]
name = "unicode-xid"
version = "0.2.1"
source = "registry+https://github.com/rust-lang/crates.io-index"
checksum = "f7fe0bb3479651439c9112f72b6c505038574c9fbb575ed1bf3b797fa39dd564"
